{
  "name": "test-app",
  "version": "0.1.0",
  "lockfileVersion": 3,
  "requires": true,
  "packages": {
    "": {
      "name": "test-app",
      "version": "0.1.0",
      "dependencies": {
        "@radix-ui/react-dialog": "^1.1.17",
        "@radix-ui/react-popover": "^1.1.17",
        "@radix-ui/react-slot": "^1.3.0",
        "class-variance-authority": "^0.7.1",
        "cmdk": "^1.1.1",
        "lucide-react": "^1.20.0",
        "next": "16.2.9",
        "react": "19.2.4",
        "react-dom": "19.2.4"
      },
      "devDependencies": {
        "@tailwindcss/postcss": "^4",
        "@types/node": "^20",
        "@types/react": "^19",
        "@types/react-dom": "^19",
        "eslint": "^9",
        "eslint-config-next": "16.2.9",
        "tailwindcss": "^4",
        "typescript": "^5"
      }
    },
    "../../node_modules/.pnpm/@tailwindcss+postcss@4.3.1/node_modules/@tailwindcss/postcss": {
      "version": "4.3.1",
      "dev": true,
      "license": "MIT",
      "dependencies": {
        "@alloc/quick-lru": "^5.2.0",
        "@tailwindcss/node": "4.3.1",
        "@tailwindcss/oxide": "4.3.1",
        "postcss": "8.5.15",
        "tailwindcss": "4.3.1"
      },
      "devDependencies": {
        "@types/node": "22.19.19",
        "@types/postcss-import": "14.0.3",
        "dedent": "1.7.2",
        "internal-example-plugin": "0.0.0",
        "postcss-import": "^16.1.1"
      }
    },
    "../../node_modules/.pnpm/@types+node@20.19.43/node_modules/@types/node": {
      "version": "20.19.43",
      "dev": true,
      "license": "MIT",
      "dependencies": {
        "undici-types": "~6.21.0"
      }
    },
    "../../node_modules/.pnpm/@types+react-dom@19.2.3_@types+react@19.2.17/node_modules/@types/react-dom": {
      "version": "19.2.3",
      "devOptional": true,
      "license": "MIT",
      "peerDependencies": {
        "@types/react": "^19.2.0"
      }
    },
    "../../node_modules/.pnpm/@types+react@19.2.17/node_modules/@types/react": {
      "version": "19.2.17",
      "devOptional": true,
      "license": "MIT",
      "dependencies": {
        "csstype": "^3.2.2"
      }
    },
    "../../node_modules/.pnpm/eslint-config-next@16.2.9_@typescript-eslint+parser@8.61.0_eslint@9.39.4_jiti@2.7.0__ty_06d67aaf5342010b85a16a8778ca2409/node_modules/eslint-config-next": {
      "version": "16.2.9",
      "dev": true,
      "license": "MIT",
      "dependencies": {
        "@next/eslint-plugin-next": "16.2.9",
        "eslint-import-resolver-node": "^0.3.6",
        "eslint-import-resolver-typescript": "^3.5.2",
        "eslint-plugin-import": "^2.32.0",
        "eslint-plugin-jsx-a11y": "^6.10.0",
        "eslint-plugin-react": "^7.37.0",
        "eslint-plugin-react-hooks": "^7.0.0",
        "globals": "16.4.0",
        "typescript-eslint": "^8.46.0"
      },
      "devDependencies": {
        "@types/eslint": "9.6.1",
        "@types/eslint-plugin-jsx-a11y": "6.10.1",
        "typescript": "5.9.2"
      },
      "peerDependencies": {
        "eslint": ">=9.0.0",
        "typescript": ">=3.3.1"
      },
      "peerDependenciesMeta": {
        "typescript": {
          "optional": true
        }
      }
    },
    "../../node_modules/.pnpm/eslint@9.39.4_jiti@2.7.0/node_modules/eslint": {
      "version": "9.39.4",
      "dev": true,
      "license": "MIT",
      "dependencies": {
        "@eslint-community/eslint-utils": "^4.8.0",
        "@eslint-community/regexpp": "^4.12.1",
        "@eslint/config-array": "^0.21.2",
        "@eslint/config-helpers": "^0.4.2",
        "@eslint/core": "^0.17.0",
        "@eslint/eslintrc": "^3.3.5",
        "@eslint/js": "9.39.4",
        "@eslint/plugin-kit": "^0.4.1",
        "@humanfs/node": "^0.16.6",
        "@humanwhocodes/module-importer": "^1.0.1",
        "@humanwhocodes/retry": "^0.4.2",
        "@types/estree": "^1.0.6",
        "ajv": "^6.14.0",
        "chalk": "^4.0.0",
        "cross-spawn": "^7.0.6",
        "debug": "^4.3.2",
        "escape-string-regexp": "^4.0.0",
        "eslint-scope": "^8.4.0",
        "eslint-visitor-keys": "^4.2.1",
        "espree": "^10.4.0",
        "esquery": "^1.5.0",
        "esutils": "^2.0.2",
        "fast-deep-equal": "^3.1.3",
        "file-entry-cache": "^8.0.0",
        "find-up": "^5.0.0",
        "glob-parent": "^6.0.2",
        "ignore": "^5.2.0",
        "imurmurhash": "^0.1.4",
        "is-glob": "^4.0.0",
        "json-stable-stringify-without-jsonify": "^1.0.1",
        "lodash.merge": "^4.6.2",
        "minimatch": "^3.1.5",
        "natural-compare": "^1.4.0",
        "optionator": "^0.9.3"
      },
      "bin": {
        "eslint": "bin/eslint.js"
      },
      "devDependencies": {
        "@arethetypeswrong/cli": "^0.18.0",
        "@babel/core": "^7.4.3",
        "@babel/preset-env": "^7.4.3",
        "@cypress/webpack-preprocessor": "^6.0.2",
        "@eslint/json": "^0.13.2",
        "@trunkio/launcher": "^1.3.4",
        "@types/esquery": "^1.5.4",
        "@types/node": "^22.13.14",
        "@typescript-eslint/parser": "^8.4.0",
        "babel-loader": "^8.0.5",
        "c8": "^7.12.0",
        "chai": "^4.0.1",
        "cheerio": "^0.22.0",
        "common-tags": "^1.8.0",
        "core-js": "^3.1.3",
        "cypress": "^14.1.0",
        "ejs": "^3.0.2",
        "eslint": "file:.",
        "eslint-config-eslint": "file:packages/eslint-config-eslint",
        "eslint-plugin-eslint-plugin": "^6.0.0",
        "eslint-plugin-expect-type": "^0.6.0",
        "eslint-plugin-yml": "^1.14.0",
        "eslint-release": "^3.3.0",
        "eslint-rule-composer": "^0.3.0",
        "eslump": "^3.0.0",
        "esprima": "^4.0.1",
        "fast-glob": "^3.2.11",
        "fs-teardown": "^0.1.3",
        "glob": "^10.0.0",
        "globals": "^16.2.0",
        "got": "^11.8.3",
        "gray-matter": "^4.0.3",
        "jiti": "^2.6.1",
        "jiti-v2.0": "npm:jiti@2.0.x",
        "jiti-v2.1": "npm:jiti@2.1.x",
        "knip": "^5.60.2",
        "lint-staged": "^11.0.0",
        "markdown-it": "^12.2.0",
        "markdown-it-container": "^3.0.0",
        "marked": "^4.0.8",
        "metascraper": "^5.25.7",
        "metascraper-description": "^5.25.7",
        "metascraper-image": "^5.29.3",
        "metascraper-logo": "^5.25.7",
        "metascraper-logo-favicon": "^5.25.7",
        "metascraper-title": "^5.25.7",
        "mocha": "^11.7.1",
        "node-polyfill-webpack-plugin": "^1.0.3",
        "npm-license": "^0.3.3",
        "pirates": "^4.0.5",
        "progress": "^2.0.3",
        "proxyquire": "^2.0.1",
        "recast": "^0.23.0",
        "regenerator-runtime": "^0.14.0",
        "semver": "^7.5.3",
        "shelljs": "^0.10.0",
        "sinon": "^11.0.0",
        "typescript": "^5.3.3",
        "webpack": "^5.23.0",
        "webpack-cli": "^4.5.0",
        "yorkie": "^2.0.0"
      },
      "engines": {
        "node": "^18.18.0 || ^20.9.0 || >=21.1.0"
      },
      "funding": {
        "url": "https://eslint.org/donate"
      },
      "peerDependencies": {
        "jiti": "*"
      },
      "peerDependenciesMeta": {
        "jiti": {
          "optional": true
        }
      }
    },
    "../../node_modules/.pnpm/next@16.2.9_@babel+core@7.29.7_@opentelemetry+api@1.9.1_react-dom@19.2.4_react@19.2.4__react@19.2.4/node_modules/next": {
      "version": "16.2.9",
      "license": "MIT",
      "dependencies": {
        "@next/env": "16.2.9",
        "@swc/helpers": "0.5.15",
        "baseline-browser-mapping": "^2.9.19",
        "caniuse-lite": "^1.0.30001579",
        "postcss": "8.4.31",
        "styled-jsx": "5.1.6"
      },
      "bin": {
        "next": "dist/bin/next"
      },
      "devDependencies": {
        "@babel/core": "7.26.10",
        "@babel/eslint-parser": "7.24.6",
        "@babel/generator": "7.27.0",
        "@babel/plugin-syntax-bigint": "7.8.3",
        "@babel/plugin-syntax-dynamic-import": "7.8.3",
        "@babel/plugin-syntax-import-attributes": "7.26.0",
        "@babel/plugin-syntax-jsx": "7.25.9",
        "@babel/plugin-syntax-typescript": "7.25.4",
        "@babel/plugin-transform-class-properties": "7.25.9",
        "@babel/plugin-transform-export-namespace-from": "7.25.9",
        "@babel/plugin-transform-modules-commonjs": "7.26.3",
        "@babel/plugin-transform-numeric-separator": "7.25.9",
        "@babel/plugin-transform-object-rest-spread": "7.25.9",
        "@babel/plugin-transform-runtime": "7.26.10",
        "@babel/preset-env": "7.26.9",
        "@babel/preset-react": "7.26.3",
        "@babel/preset-typescript": "7.27.0",
        "@babel/runtime": "7.27.0",
        "@babel/traverse": "7.27.0",
        "@babel/types": "7.27.0",
        "@base-ui-components/react": "1.0.0-beta.2",
        "@capsizecss/metrics": "3.4.0",
        "@edge-runtime/cookies": "6.0.0",
        "@edge-runtime/ponyfill": "4.0.0",
        "@edge-runtime/primitives": "6.0.0",
        "@hapi/accept": "5.0.2",
        "@jest/transform": "29.5.0",
        "@jest/types": "29.5.0",
        "@modelcontextprotocol/sdk": "1.18.1",
        "@mswjs/interceptors": "0.23.0",
        "@napi-rs/triples": "1.2.0",
        "@next/font": "16.2.9",
        "@next/polyfill-module": "16.2.9",
        "@next/polyfill-nomodule": "16.2.9",
        "@next/react-refresh-utils": "16.2.9",
        "@next/swc": "16.2.9",
        "@opentelemetry/api": "1.6.0",
        "@playwright/test": "1.58.2",
        "@rspack/core": "1.6.7",
        "@storybook/addon-a11y": "8.6.0",
        "@storybook/addon-essentials": "8.6.0",
        "@storybook/addon-interactions": "8.6.0",
        "@storybook/addon-webpack5-compiler-swc": "3.0.0",
        "@storybook/blocks": "8.6.0",
        "@storybook/react": "8.6.0",
        "@storybook/react-webpack5": "8.6.0",
        "@storybook/test": "8.6.0",
        "@storybook/test-runner": "0.21.0",
        "@swc/core": "1.11.24",
        "@swc/types": "0.1.7",
        "@taskr/clear": "1.1.0",
        "@taskr/esnext": "1.1.0",
        "@types/babel__code-frame": "7.0.6",
        "@types/babel__core": "7.20.5",
        "@types/babel__generator": "7.27.0",
        "@types/babel__template": "7.4.4",
        "@types/babel__traverse": "7.20.7",
        "@types/bytes": "3.1.1",
        "@types/ci-info": "2.0.0",
        "@types/compression": "0.0.36",
        "@types/content-disposition": "0.5.4",
        "@types/content-type": "1.1.3",
        "@types/cookie": "0.3.3",
        "@types/cross-spawn": "6.0.0",
        "@types/debug": "4.1.5",
        "@types/express-serve-static-core": "4.17.33",
        "@types/fresh": "0.5.0",
        "@types/glob": "7.1.1",
        "@types/jsonwebtoken": "9.0.0",
        "@types/lodash": "4.14.198",
        "@types/lodash.curry": "4.1.6",
        "@types/path-to-regexp": "1.7.0",
        "@types/picomatch": "2.3.3",
        "@types/platform": "1.3.4",
        "@types/react": "19.0.8",
        "@types/react-dom": "19.0.3",
        "@types/react-is": "18.2.4",
        "@types/semver": "7.3.1",
        "@types/send": "0.14.4",
        "@types/serve-handler": "6.1.4",
        "@types/shell-quote": "1.7.1",
        "@types/text-table": "0.2.1",
        "@types/ua-parser-js": "0.7.36",
        "@types/webpack-sources1": "npm:@types/webpack-sources@0.1.5",
        "@types/ws": "8.2.0",
        "@vercel/ncc": "0.34.0",
        "@vercel/nft": "0.27.1",
        "@vercel/routing-utils": "5.2.0",
        "@vercel/turbopack-ecmascript-runtime": "*",
        "acorn": "8.14.0",
        "anser": "1.4.9",
        "arg": "4.1.0",
        "assert": "2.0.0",
        "async-retry": "1.2.3",
        "async-sema": "3.0.0",
        "axe-playwright": "2.0.3",
        "babel-loader": "10.0.0",
        "babel-plugin-react-compiler": "0.0.0-experimental-1371fcb-20260227",
        "babel-plugin-transform-define": "2.0.0",
        "babel-plugin-transform-react-remove-prop-types": "0.4.24",
        "browserify-zlib": "0.2.0",
        "browserslist": "4.28.1",
        "buffer": "5.6.0",
        "busboy": "1.6.0",
        "bytes": "3.1.1",
        "ci-info": "watson/ci-info#f43f6a1cefff47fb361c88cf4b943fdbcaafe540",
        "cli-select": "1.1.2",
        "client-only": "0.0.1",
        "commander": "12.1.0",
        "comment-json": "3.0.3",
        "compression": "1.7.4",
        "conf": "5.0.0",
        "constants-browserify": "1.0.0",
        "content-disposition": "0.5.3",
        "content-type": "1.0.4",
        "cookie": "0.4.1",
        "cross-env": "6.0.3",
        "cross-spawn": "7.0.3",
        "crypto-browserify": "3.12.0",
        "css-loader": "7.1.2",
        "css.escape": "1.5.1",
        "cssnano-preset-default": "7.0.6",
        "data-uri-to-buffer": "3.0.1",
        "debug": "4.1.1",
        "devalue": "2.0.1",
        "domain-browser": "4.19.0",
        "edge-runtime": "4.0.1",
        "events": "3.3.0",
        "find-up": "4.1.0",
        "fresh": "0.5.2",
        "glob": "7.1.7",
        "gzip-size": "5.1.1",
        "http-proxy": "1.18.1",
        "http-proxy-agent": "5.0.0",
        "https-browserify": "1.0.0",
        "https-proxy-agent": "5.0.1",
        "icss-utils": "5.1.0",
        "ignore-loader": "0.1.2",
        "image-size": "1.2.1",
        "ipaddr.js": "2.2.0",
        "is-docker": "2.0.0",
        "is-wsl": "2.2.0",
        "jest-worker": "27.5.1",
        "json5": "2.2.3",
        "jsonwebtoken": "9.0.0",
        "loader-runner": "4.3.0",
        "loader-utils2": "npm:loader-utils@2.0.4",
        "loader-utils3": "npm:loader-utils@3.1.3",
        "lodash.curry": "4.1.1",
        "mini-css-extract-plugin": "2.4.4",
        "msw": "2.3.0",
        "nanoid": "3.1.32",
        "native-url": "0.3.4",
        "neo-async": "2.6.1",
        "node-html-parser": "5.3.3",
        "ora": "4.0.4",
        "os-browserify": "0.3.0",
        "p-limit": "3.1.0",
        "p-queue": "6.6.2",
        "path-browserify": "1.0.1",
        "path-to-regexp": "6.3.0",
        "picomatch": "4.0.1",
        "postcss-flexbugs-fixes": "5.0.2",
        "postcss-modules-extract-imports": "3.0.0",
        "postcss-modules-local-by-default": "4.2.0",
        "postcss-modules-scope": "3.0.0",
        "postcss-modules-values": "4.0.0",
        "postcss-preset-env": "7.4.3",
        "postcss-safe-parser": "6.0.0",
        "postcss-scss": "4.0.3",
        "postcss-value-parser": "4.2.0",
        "process": "0.11.10",
        "punycode": "2.1.1",
        "querystring-es3": "0.2.1",
        "raw-body": "2.4.1",
        "react-refresh": "0.12.0",
        "recast": "0.23.11",
        "regenerator-runtime": "0.13.4",
        "safe-stable-stringify": "2.5.0",
        "sass-loader": "16.0.5",
        "schema-utils2": "npm:schema-utils@2.7.1",
        "schema-utils3": "npm:schema-utils@3.0.0",
        "semver": "7.3.2",
        "send": "0.18.0",
        "serve-handler": "6.1.6",
        "server-only": "0.0.1",
        "setimmediate": "1.0.5",
        "shell-quote": "1.7.3",
        "source-map": "0.6.1",
        "source-map-loader": "5.0.0",
        "source-map08": "npm:source-map@0.8.0-beta.0",
        "stacktrace-parser": "0.1.10",
        "storybook": "8.6.0",
        "stream-browserify": "3.0.0",
        "stream-http": "3.1.1",
        "strict-event-emitter": "0.5.0",
        "string_decoder": "1.3.0",
        "string-hash": "1.1.3",
        "strip-ansi": "6.0.0",
        "style-loader": "4.0.0",
        "superstruct": "1.0.3",
        "tar": "7.5.11",
        "taskr": "1.1.0",
        "terser": "5.27.0",
        "terser-webpack-plugin": "5.3.9",
        "text-table": "0.2.0",
        "timers-browserify": "2.0.12",
        "tty-browserify": "0.0.1",
        "typescript": "5.9.2",
        "ua-parser-js": "1.0.35",
        "unistore": "3.4.1",
        "util": "0.12.4",
        "vm-browserify": "1.1.2",
        "watchpack": "2.4.0",
        "web-vitals": "4.2.1",
        "webpack": "5.98.0",
        "webpack-sources1": "npm:webpack-sources@1.4.3",
        "webpack-sources3": "npm:webpack-sources@3.2.3",
        "ws": "8.2.3",
        "zod": "3.25.76",
        "zod-validation-error": "3.4.0"
      },
      "engines": {
        "node": ">=20.9.0"
      },
      "optionalDependencies": {
        "@next/swc-darwin-arm64": "16.2.9",
        "@next/swc-darwin-x64": "16.2.9",
        "@next/swc-linux-arm64-gnu": "16.2.9",
        "@next/swc-linux-arm64-musl": "16.2.9",
        "@next/swc-linux-x64-gnu": "16.2.9",
        "@next/swc-linux-x64-musl": "16.2.9",
        "@next/swc-win32-arm64-msvc": "16.2.9",
        "@next/swc-win32-x64-msvc": "16.2.9",
        "sharp": "^0.34.5"
      },
      "peerDependencies": {
        "@opentelemetry/api": "^1.1.0",
        "@playwright/test": "^1.51.1",
        "babel-plugin-react-compiler": "*",
        "react": "^18.2.0 || 19.0.0-rc-de68d2f4-20241204 || ^19.0.0",
        "react-dom": "^18.2.0 || 19.0.0-rc-de68d2f4-20241204 || ^19.0.0",
        "sass": "^1.3.0"
      },
      "peerDependenciesMeta": {
        "@opentelemetry/api": {
          "optional": true
        },
        "@playwright/test": {
          "optional": true
        },
        "babel-plugin-react-compiler": {
          "optional": true
        },
        "sass": {
          "optional": true
        }
      }
    },
    "../../node_modules/.pnpm/react-dom@19.2.4_react@19.2.4/node_modules/react-dom": {
      "version": "19.2.4",
      "license": "MIT",
      "dependencies": {
        "scheduler": "^0.27.0"
      },
      "peerDependencies": {
        "react": "^19.2.4"
      }
    },
    "../../node_modules/.pnpm/react@19.2.4/node_modules/react": {
      "version": "19.2.4",
      "license": "MIT",
      "engines": {
        "node": ">=0.10.0"
      }
    },
    "../../node_modules/.pnpm/tailwindcss@4.3.1/node_modules/tailwindcss": {
      "version": "4.3.1",
      "dev": true,
      "license": "MIT",
      "devDependencies": {
        "@jridgewell/remapping": "^2.3.5",
        "@tailwindcss/oxide": "^4.3.1",
        "@types/node": "22.19.19",
        "dedent": "1.7.2",
        "lightningcss": "1.32.0",
        "magic-string": "^0.30.21",
        "source-map-js": "^1.2.1"
      }
    },
    "../../node_modules/.pnpm/typescript@5.9.3/node_modules/typescript": {
      "version": "5.9.3",
      "dev": true,
      "license": "Apache-2.0",
      "bin": {
        "tsc": "bin/tsc",
        "tsserver": "bin/tsserver"
      },
      "devDependencies": {
        "@dprint/formatter": "^0.4.1",
        "@dprint/typescript": "0.93.4",
        "@esfx/canceltoken": "^1.0.0",
        "@eslint/js": "^9.20.0",
        "@octokit/rest": "^21.1.1",
        "@types/chai": "^4.3.20",
        "@types/diff": "^7.0.1",
        "@types/minimist": "^1.2.5",
        "@types/mocha": "^10.0.10",
        "@types/ms": "^0.7.34",
        "@types/node": "latest",
        "@types/source-map-support": "^0.5.10",
        "@types/which": "^3.0.4",
        "@typescript-eslint/rule-tester": "^8.24.1",
        "@typescript-eslint/type-utils": "^8.24.1",
        "@typescript-eslint/utils": "^8.24.1",
        "azure-devops-node-api": "^14.1.0",
        "c8": "^10.1.3",
        "chai": "^4.5.0",
        "chokidar": "^4.0.3",
        "diff": "^7.0.0",
        "dprint": "^0.49.0",
        "esbuild": "^0.25.0",
        "eslint": "^9.20.1",
        "eslint-formatter-autolinkable-stylish": "^1.4.0",
        "eslint-plugin-regexp": "^2.7.0",
        "fast-xml-parser": "^4.5.2",
        "glob": "^10.4.5",
        "globals": "^15.15.0",
        "hereby": "^1.10.0",
        "jsonc-parser": "^3.3.1",
        "knip": "^5.44.4",
        "minimist": "^1.2.8",
        "mocha": "^10.8.2",
        "mocha-fivemat-progress-reporter": "^0.1.0",
        "monocart-coverage-reports": "^2.12.1",
        "ms": "^2.1.3",
        "picocolors": "^1.1.1",
        "playwright": "^1.50.1",
        "source-map-support": "^0.5.21",
        "tslib": "^2.8.1",
        "typescript": "^5.7.3",
        "typescript-eslint": "^8.24.1",
        "which": "^3.0.1"
      },
      "engines": {
        "node": ">=14.17"
      }
    },
    "node_modules/@floating-ui/core": {
      "version": "1.7.5",
      "resolved": "https://registry.npmjs.org/@floating-ui/core/-/core-1.7.5.tgz",
      "integrity": "sha512-1Ih4WTWyw0+lKyFMcBHGbb5U5FtuHJuujoyyr5zTaWS5EYMeT6Jb2AuDeftsCsEuchO+mM2ij5+q9crhydzLhQ==",
      "license": "MIT",
      "dependencies": {
        "@floating-ui/utils": "^0.2.11"
      }
    },
    "node_modules/@floating-ui/dom": {
      "version": "1.7.6",
      "resolved": "https://registry.npmjs.org/@floating-ui/dom/-/dom-1.7.6.tgz",
      "integrity": "sha512-9gZSAI5XM36880PPMm//9dfiEngYoC6Am2izES1FF406YFsjvyBMmeJ2g4SAju3xWwtuynNRFL2s9hgxpLI5SQ==",
      "license": "MIT",
      "dependencies": {
        "@floating-ui/core": "^1.7.5",
        "@floating-ui/utils": "^0.2.11"
      }
    },
    "node_modules/@floating-ui/react-dom": {
      "version": "2.1.8",
      "resolved": "https://registry.npmjs.org/@floating-ui/react-dom/-/react-dom-2.1.8.tgz",
      "integrity": "sha512-cC52bHwM/n/CxS87FH0yWdngEZrjdtLW/qVruo68qg+prK7ZQ4YGdut2GyDVpoGeAYe/h899rVeOVm6Oi40k2A==",
      "license": "MIT",
      "dependencies": {
        "@floating-ui/dom": "^1.7.6"
      },
      "peerDependencies": {
        "react": ">=16.8.0",
        "react-dom": ">=16.8.0"
      }
    },
    "node_modules/@floating-ui/utils": {
      "version": "0.2.11",
      "resolved": "https://registry.npmjs.org/@floating-ui/utils/-/utils-0.2.11.tgz",
      "integrity": "sha512-RiB/yIh78pcIxl6lLMG0CgBXAZ2Y0eVHqMPYugu+9U0AeT6YBeiJpf7lbdJNIugFP5SIjwNRgo4DhR1Qxi26Gg==",
      "license": "MIT"
    },
    "node_modules/@radix-ui/primitive": {
      "version": "1.1.4",
      "resolved": "https://registry.npmjs.org/@radix-ui/primitive/-/primitive-1.1.4.tgz",
      "integrity": "sha512-7AdCK9PQyiljKoBDbN8OuctCbd/esdwZPQ8RtOE3SsyQtUpiPb+ND75q0jEhC1m1ecBI0MFNeLJvwIh9iKHRcQ==",
      "license": "MIT"
    },
    "node_modules/@radix-ui/react-arrow": {
      "version": "1.1.10",
      "resolved": "https://registry.npmjs.org/@radix-ui/react-arrow/-/react-arrow-1.1.10.tgz",
      "integrity": "sha512-j2VTDz1vgCsmuG0k5lBfOcM8n5JPFqZBcMryasFjHYMhwxYL5SRUV5lMSUpRdNtw3D/Sv8pzJtrlAgkssYSsQQ==",
      "license": "MIT",
      "dependencies": {
        "@radix-ui/react-primitive": "2.1.6"
      },
      "peerDependencies": {
        "@types/react": "*",
        "@types/react-dom": "*",
        "react": "^16.8 || ^17.0 || ^18.0 || ^19.0 || ^19.0.0-rc",
        "react-dom": "^16.8 || ^17.0 || ^18.0 || ^19.0 || ^19.0.0-rc"
      },
      "peerDependenciesMeta": {
        "@types/react": {
          "optional": true
        },
        "@types/react-dom": {
          "optional": true
        }
      }
    },
    "node_modules/@radix-ui/react-compose-refs": {
      "version": "1.1.3",
      "resolved": "https://registry.npmjs.org/@radix-ui/react-compose-refs/-/react-compose-refs-1.1.3.tgz",
      "integrity": "sha512-rYOP8OMnuuPMQF1uhPVlGNcCDlkokKqGFE3JcxFViIkAXP7EvFWUliJAstrapypaBLJNHbZL6jGhbVDGTwmVhA==",
      "license": "MIT",
      "peerDependencies": {
        "@types/react": "*",
        "react": "^16.8 || ^17.0 || ^18.0 || ^19.0 || ^19.0.0-rc"
      },
      "peerDependenciesMeta": {
        "@types/react": {
          "optional": true
        }
      }
    },
    "node_modules/@radix-ui/react-context": {
      "version": "1.1.4",
      "resolved": "https://registry.npmjs.org/@radix-ui/react-context/-/react-context-1.1.4.tgz",
      "integrity": "sha512-QwH4PO5urrbO+FaGd5Aglg+YJgWTyyuZ3g/6mKvsqraLkglDdckw9JafgL5McL5VEJ6EPNduPaT3ZE9BttDAqg==",
      "license": "MIT",
      "peerDependencies": {
        "@types/react": "*",
        "react": "^16.8 || ^17.0 || ^18.0 || ^19.0 || ^19.0.0-rc"
      },
      "peerDependenciesMeta": {
        "@types/react": {
          "optional": true
        }
      }
    },
    "node_modules/@radix-ui/react-dialog": {
      "version": "1.1.17",
      "resolved": "https://registry.npmjs.org/@radix-ui/react-dialog/-/react-dialog-1.1.17.tgz",
      "integrity": "sha512-TDTYmpdq8dI2+Xgvgj9AJ8Ghqq+Eph/TRVEdaFQPDItIY+6QSkU7MJMeevw1568Yw/2Ijz8BTphPSP2XejKphw==",
      "license": "MIT",
      "dependencies": {
        "@radix-ui/primitive": "1.1.4",
        "@radix-ui/react-compose-refs": "1.1.3",
        "@radix-ui/react-context": "1.1.4",
        "@radix-ui/react-dismissable-layer": "1.1.13",
        "@radix-ui/react-focus-guards": "1.1.4",
        "@radix-ui/react-focus-scope": "1.1.10",
        "@radix-ui/react-id": "1.1.2",
        "@radix-ui/react-portal": "1.1.12",
        "@radix-ui/react-presence": "1.1.6",
        "@radix-ui/react-primitive": "2.1.6",
        "@radix-ui/react-slot": "1.3.0",
        "@radix-ui/react-use-controllable-state": "1.2.3",
        "aria-hidden": "^1.2.4",
        "react-remove-scroll": "^2.7.2"
      },
      "peerDependencies": {
        "@types/react": "*",
        "@types/react-dom": "*",
        "react": "^16.8 || ^17.0 || ^18.0 || ^19.0 || ^19.0.0-rc",
        "react-dom": "^16.8 || ^17.0 || ^18.0 || ^19.0 || ^19.0.0-rc"
      },
      "peerDependenciesMeta": {
        "@types/react": {
          "optional": true
        },
        "@types/react-dom": {
          "optional": true
        }
      }
    },
    "node_modules/@radix-ui/react-dismissable-layer": {
      "version": "1.1.13",
      "resolved": "https://registry.npmjs.org/@radix-ui/react-dismissable-layer/-/react-dismissable-layer-1.1.13.tgz",
      "integrity": "sha512-2v+zNAWWe0ySxgC0D0yeXMPQ23xZVgXZTerTz+JKlmdRj6gfTqmCcR29jb6d290DezXPGgruHWDX/vYUebtErg==",
      "license": "MIT",
      "dependencies": {
        "@radix-ui/primitive": "1.1.4",
        "@radix-ui/react-compose-refs": "1.1.3",
        "@radix-ui/react-primitive": "2.1.6",
        "@radix-ui/react-use-callback-ref": "1.1.2",
        "@radix-ui/react-use-escape-keydown": "1.1.2"
      },
      "peerDependencies": {
        "@types/react": "*",
        "@types/react-dom": "*",
        "react": "^16.8 || ^17.0 || ^18.0 || ^19.0 || ^19.0.0-rc",
        "react-dom": "^16.8 || ^17.0 || ^18.0 || ^19.0 || ^19.0.0-rc"
      },
      "peerDependenciesMeta": {
        "@types/react": {
          "optional": true
        },
        "@types/react-dom": {
          "optional": true
        }
      }
    },
    "node_modules/@radix-ui/react-focus-guards": {
      "version": "1.1.4",
      "resolved": "https://registry.npmjs.org/@radix-ui/react-focus-guards/-/react-focus-guards-1.1.4.tgz",
      "integrity": "sha512-cot/aB/mOm0IYVYTTmQcEEK1M48lZWi8FlYe5nDPQQ8NYZUlXEFgncJ9p2Kzer3RKSrY7cTTpEMLZKNo9QoP5Q==",
      "license": "MIT",
      "peerDependencies": {
        "@types/react": "*",
        "react": "^16.8 || ^17.0 || ^18.0 || ^19.0 || ^19.0.0-rc"
      },
      "peerDependenciesMeta": {
        "@types/react": {
          "optional": true
        }
      }
    },
    "node_modules/@radix-ui/react-focus-scope": {
      "version": "1.1.10",
      "resolved": "https://registry.npmjs.org/@radix-ui/react-focus-scope/-/react-focus-scope-1.1.10.tgz",
      "integrity": "sha512-Fas/lXQqhVvqwAb64s5RFeHiHYElZ6SUQbZaNd6EkfhP/Al7wTIQ9WIR4QVX475tlu5yFCEdDcJH6/UwsZjMWw==",
      "license": "MIT",
      "dependencies": {
        "@radix-ui/react-compose-refs": "1.1.3",
        "@radix-ui/react-primitive": "2.1.6",
        "@radix-ui/react-use-callback-ref": "1.1.2"
      },
      "peerDependencies": {
        "@types/react": "*",
        "@types/react-dom": "*",
        "react": "^16.8 || ^17.0 || ^18.0 || ^19.0 || ^19.0.0-rc",
        "react-dom": "^16.8 || ^17.0 || ^18.0 || ^19.0 || ^19.0.0-rc"
      },
      "peerDependenciesMeta": {
        "@types/react": {
          "optional": true
        },
        "@types/react-dom": {
          "optional": true
        }
      }
    },
    "node_modules/@radix-ui/react-id": {
      "version": "1.1.2",
      "resolved": "https://registry.npmjs.org/@radix-ui/react-id/-/react-id-1.1.2.tgz",
      "integrity": "sha512-orBC88futVpqCmhX1p4cvquNHsELQ+w+vBJnuj3ftETI5bJb0bZn3Tqu3SWN2IOcPycTnMGnhwoermvISt72sA==",
      "license": "MIT",
      "dependencies": {
        "@radix-ui/react-use-layout-effect": "1.1.2"
      },
      "peerDependencies": {
        "@types/react": "*",
        "react": "^16.8 || ^17.0 || ^18.0 || ^19.0 || ^19.0.0-rc"
      },
      "peerDependenciesMeta": {
        "@types/react": {
          "optional": true
        }
      }
    },
    "node_modules/@radix-ui/react-popover": {
      "version": "1.1.17",
      "resolved": "https://registry.npmjs.org/@radix-ui/react-popover/-/react-popover-1.1.17.tgz",
      "integrity": "sha512-/YSAOdJ7YJvdn7bn5sdSx2egW+SKY+u7O5RyAVs94Ymrg2fg5QTSFPMRkzvhGyFuE4/qsmPBdrwYoZMZh/4f+g==",
      "license": "MIT",
      "dependencies": {
        "@radix-ui/primitive": "1.1.4",
        "@radix-ui/react-compose-refs": "1.1.3",
        "@radix-ui/react-context": "1.1.4",
        "@radix-ui/react-dismissable-layer": "1.1.13",
        "@radix-ui/react-focus-guards": "1.1.4",
        "@radix-ui/react-focus-scope": "1.1.10",
        "@radix-ui/react-id": "1.1.2",
        "@radix-ui/react-popper": "1.3.1",
        "@radix-ui/react-portal": "1.1.12",
        "@radix-ui/react-presence": "1.1.6",
        "@radix-ui/react-primitive": "2.1.6",
        "@radix-ui/react-slot": "1.3.0",
        "@radix-ui/react-use-controllable-state": "1.2.3",
        "aria-hidden": "^1.2.4",
        "react-remove-scroll": "^2.7.2"
      },
      "peerDependencies": {
        "@types/react": "*",
        "@types/react-dom": "*",
        "react": "^16.8 || ^17.0 || ^18.0 || ^19.0 || ^19.0.0-rc",
        "react-dom": "^16.8 || ^17.0 || ^18.0 || ^19.0 || ^19.0.0-rc"
      },
      "peerDependenciesMeta": {
        "@types/react": {
          "optional": true
        },
        "@types/react-dom": {
          "optional": true
        }
      }
    },
    "node_modules/@radix-ui/react-popper": {
      "version": "1.3.1",
      "resolved": "https://registry.npmjs.org/@radix-ui/react-popper/-/react-popper-1.3.1.tgz",
      "integrity": "sha512-bhnq/0DEPTi2lsOD3J5rTL65qUKHbKbhqHsmN9TMiclSXpipi651ooUKPPp6G5lF/WiHBdn1s0Wuqsn+myVAvw==",
      "license": "MIT",
      "dependencies": {
        "@floating-ui/react-dom": "^2.0.0",
        "@radix-ui/react-arrow": "1.1.10",
        "@radix-ui/react-compose-refs": "1.1.3",
        "@radix-ui/react-context": "1.1.4",
        "@radix-ui/react-primitive": "2.1.6",
        "@radix-ui/react-use-callback-ref": "1.1.2",
        "@radix-ui/react-use-layout-effect": "1.1.2",
        "@radix-ui/react-use-rect": "1.1.2",
        "@radix-ui/react-use-size": "1.1.2",
        "@radix-ui/rect": "1.1.2"
      },
      "peerDependencies": {
        "@types/react": "*",
        "@types/react-dom": "*",
        "react": "^16.8 || ^17.0 || ^18.0 || ^19.0 || ^19.0.0-rc",
        "react-dom": "^16.8 || ^17.0 || ^18.0 || ^19.0 || ^19.0.0-rc"
      },
      "peerDependenciesMeta": {
        "@types/react": {
          "optional": true
        },
        "@types/react-dom": {
          "optional": true
        }
      }
    },
    "node_modules/@radix-ui/react-portal": {
      "version": "1.1.12",
      "resolved": "https://registry.npmjs.org/@radix-ui/react-portal/-/react-portal-1.1.12.tgz",
      "integrity": "sha512-m309havGzsjLHHaIX50G5PlvRs3xkgPCsGk/5PTvYm8D5q33yG0J7w/712PTOhid7NTaFETtnSXjngHQavvhVw==",
      "license": "MIT",
      "dependencies": {
        "@radix-ui/react-primitive": "2.1.6",
        "@radix-ui/react-use-layout-effect": "1.1.2"
      },
      "peerDependencies": {
        "@types/react": "*",
        "@types/react-dom": "*",
        "react": "^16.8 || ^17.0 || ^18.0 || ^19.0 || ^19.0.0-rc",
        "react-dom": "^16.8 || ^17.0 || ^18.0 || ^19.0 || ^19.0.0-rc"
      },
      "peerDependenciesMeta": {
        "@types/react": {
          "optional": true
        },
        "@types/react-dom": {
          "optional": true
        }
      }
    },
    "node_modules/@radix-ui/react-presence": {
      "version": "1.1.6",
      "resolved": "https://registry.npmjs.org/@radix-ui/react-presence/-/react-presence-1.1.6.tgz",
      "integrity": "sha512-zdTk4PlUO0E18HnZ3wYbW0KkJJxWCdiNYp6g6X1PtONFhxVkg01vliTJAmwIszU6mHiyBOoW9P0rAugl5/hULQ==",
      "license": "MIT",
      "dependencies": {
        "@radix-ui/react-use-layout-effect": "1.1.2"
      },
      "peerDependencies": {
        "@types/react": "*",
        "@types/react-dom": "*",
        "react": "^16.8 || ^17.0 || ^18.0 || ^19.0 || ^19.0.0-rc",
        "react-dom": "^16.8 || ^17.0 || ^18.0 || ^19.0 || ^19.0.0-rc"
      },
      "peerDependenciesMeta": {
        "@types/react": {
          "optional": true
        },
        "@types/react-dom": {
          "optional": true
        }
      }
    },
    "node_modules/@radix-ui/react-primitive": {
      "version": "2.1.6",
      "resolved": "https://registry.npmjs.org/@radix-ui/react-primitive/-/react-primitive-2.1.6.tgz",
      "integrity": "sha512-wetd0QI77DbvrPpTAvH1SqOxsYF2wZe5TNxqwOd5Ty4XDpV3dpV0s8K/1MGMJBeY5o7lg8ub5VIt1Ub+yVen6g==",
      "license": "MIT",
      "dependencies": {
        "@radix-ui/react-slot": "1.3.0"
      },
      "peerDependencies": {
        "@types/react": "*",
        "@types/react-dom": "*",
        "react": "^16.8 || ^17.0 || ^18.0 || ^19.0 || ^19.0.0-rc",
        "react-dom": "^16.8 || ^17.0 || ^18.0 || ^19.0 || ^19.0.0-rc"
      },
      "peerDependenciesMeta": {
        "@types/react": {
          "optional": true
        },
        "@types/react-dom": {
          "optional": true
        }
      }
    },
    "node_modules/@radix-ui/react-slot": {
      "version": "1.3.0",
      "resolved": "https://registry.npmjs.org/@radix-ui/react-slot/-/react-slot-1.3.0.tgz",
      "integrity": "sha512-MojKku4U/miO8Av4Dkb+ctMAQx7JmY96LmtDQlAarCRtd7rN52QCSzBF+XAvr5S6coSVj9HEPBgHAHKEJVk/WA==",
      "license": "MIT",
      "dependencies": {
        "@radix-ui/react-compose-refs": "1.1.3"
      },
      "peerDependencies": {
        "@types/react": "*",
        "react": "^16.8 || ^17.0 || ^18.0 || ^19.0 || ^19.0.0-rc"
      },
      "peerDependenciesMeta": {
        "@types/react": {
          "optional": true
        }
      }
    },
    "node_modules/@radix-ui/react-use-callback-ref": {
      "version": "1.1.2",
      "resolved": "https://registry.npmjs.org/@radix-ui/react-use-callback-ref/-/react-use-callback-ref-1.1.2.tgz",
      "integrity": "sha512-xCso9j1/u8sEgP1RNHjFrXJLApL8LiqOkI1R4ywuN00rxWdYg4oQXuwKLS3i0j5NWLromUD27/4nlxj2UFVvIw==",
      "license": "MIT",
      "peerDependencies": {
        "@types/react": "*",
        "react": "^16.8 || ^17.0 || ^18.0 || ^19.0 || ^19.0.0-rc"
      },
      "peerDependenciesMeta": {
        "@types/react": {
          "optional": true
        }
      }
    },
    "node_modules/@radix-ui/react-use-controllable-state": {
      "version": "1.2.3",
      "resolved": "https://registry.npmjs.org/@radix-ui/react-use-controllable-state/-/react-use-controllable-state-1.2.3.tgz",
      "integrity": "sha512-PLzC90MS+ReootmjC597dvopoelpZ8Q61HJkDXZSExitIq7PL55vHNnesAHwguHK0aPfBnpdNzQtv1uliaqQrA==",
      "license": "MIT",
      "dependencies": {
        "@radix-ui/react-use-effect-event": "0.0.3",
        "@radix-ui/react-use-layout-effect": "1.1.2"
      },
      "peerDependencies": {
        "@types/react": "*",
        "react": "^16.8 || ^17.0 || ^18.0 || ^19.0 || ^19.0.0-rc"
      },
      "peerDependenciesMeta": {
        "@types/react": {
          "optional": true
        }
      }
    },
    "node_modules/@radix-ui/react-use-effect-event": {
      "version": "0.0.3",
      "resolved": "https://registry.npmjs.org/@radix-ui/react-use-effect-event/-/react-use-effect-event-0.0.3.tgz",
      "integrity": "sha512-6c8ZqvPTWILEKnyVkP53EGRCcpnJiKTC21sS/6R1GF5xKyHJJWQEPfkqlcgUkdRQivd6tb23abUwe4ngWmY0JA==",
      "license": "MIT",
      "dependencies": {
        "@radix-ui/react-use-layout-effect": "1.1.2"
      },
      "peerDependencies": {
        "@types/react": "*",
        "react": "^16.8 || ^17.0 || ^18.0 || ^19.0 || ^19.0.0-rc"
      },
      "peerDependenciesMeta": {
        "@types/react": {
          "optional": true
        }
      }
    },
    "node_modules/@radix-ui/react-use-escape-keydown": {
      "version": "1.1.2",
      "resolved": "https://registry.npmjs.org/@radix-ui/react-use-escape-keydown/-/react-use-escape-keydown-1.1.2.tgz",
      "integrity": "sha512-2uVLvLjgO7NZCWw01/FdqRwmA42J0BcjPMUCA+koFEOAb+zjqIP7SiFz/7zWPrKnVmSqr76Omq2ALyCuX4dhLw==",
      "license": "MIT",
      "dependencies": {
        "@radix-ui/react-use-callback-ref": "1.1.2"
      },
      "peerDependencies": {
        "@types/react": "*",
        "react": "^16.8 || ^17.0 || ^18.0 || ^19.0 || ^19.0.0-rc"
      },
      "peerDependenciesMeta": {
        "@types/react": {
          "optional": true
        }
      }
    },
    "node_modules/@radix-ui/react-use-layout-effect": {
      "version": "1.1.2",
      "resolved": "https://registry.npmjs.org/@radix-ui/react-use-layout-effect/-/react-use-layout-effect-1.1.2.tgz",
      "integrity": "sha512-jrBWOxZITuGcnjRCM2t2U5ZPkCLxD+Ym6DjfssS5haTj2iiak/DOb64JeN6OdLfLgptb6/e2kKR+ZuTrGoZTPA==",
      "license": "MIT",
      "peerDependencies": {
        "@types/react": "*",
        "react": "^16.8 || ^17.0 || ^18.0 || ^19.0 || ^19.0.0-rc"
      },
      "peerDependenciesMeta": {
        "@types/react": {
          "optional": true
        }
      }
    },
    "node_modules/@radix-ui/react-use-rect": {
      "version": "1.1.2",
      "resolved": "https://registry.npmjs.org/@radix-ui/react-use-rect/-/react-use-rect-1.1.2.tgz",
      "integrity": "sha512-d8a+bBY/FxikNPlgJJoaBHZX+zKVbWHYJGTLnLvveQgFSTntkGdEKv3JDtHrMS0DNYpllz2nRsTLGLKYttbpmw==",
      "license": "MIT",
      "dependencies": {
        "@radix-ui/rect": "1.1.2"
      },
      "peerDependencies": {
        "@types/react": "*",
        "react": "^16.8 || ^17.0 || ^18.0 || ^19.0 || ^19.0.0-rc"
      },
      "peerDependenciesMeta": {
        "@types/react": {
          "optional": true
        }
      }
    },
    "node_modules/@radix-ui/react-use-size": {
      "version": "1.1.2",
      "resolved": "https://registry.npmjs.org/@radix-ui/react-use-size/-/react-use-size-1.1.2.tgz",
      "integrity": "sha512-giWQp+4mxjBPt4KZ0MmyuykFNWfbDxKt4x+fPkRYmgRFJSbCZFzUglvMb/Kjn38tm10YP4ufiQZDx3zna4LU6w==",
      "license": "MIT",
      "dependencies": {
        "@radix-ui/react-use-layout-effect": "1.1.2"
      },
      "peerDependencies": {
        "@types/react": "*",
        "react": "^16.8 || ^17.0 || ^18.0 || ^19.0 || ^19.0.0-rc"
      },
      "peerDependenciesMeta": {
        "@types/react": {
          "optional": true
        }
      }
    },
    "node_modules/@radix-ui/rect": {
      "version": "1.1.2",
      "resolved": "https://registry.npmjs.org/@radix-ui/rect/-/rect-1.1.2.tgz",
      "integrity": "sha512-xnXE7wG13PI+cxieVssYXlQJuYVRhH9NBoxt3KNwzghDIA69GMm7d4wXRouHIYjE+KvS6U/MsMO73NdS2MH9ZA==",
      "license": "MIT"
    },
    "node_modules/@tailwindcss/postcss": {
      "resolved": "../../node_modules/.pnpm/@tailwindcss+postcss@4.3.1/node_modules/@tailwindcss/postcss",
      "link": true
    },
    "node_modules/@types/node": {
      "resolved": "../../node_modules/.pnpm/@types+node@20.19.43/node_modules/@types/node",
      "link": true
    },
    "node_modules/@types/react": {
      "resolved": "../../node_modules/.pnpm/@types+react@19.2.17/node_modules/@types/react",
      "link": true
    },
    "node_modules/@types/react-dom": {
      "resolved": "../../node_modules/.pnpm/@types+react-dom@19.2.3_@types+react@19.2.17/node_modules/@types/react-dom",
      "link": true
    },
    "node_modules/aria-hidden": {
      "version": "1.2.6",
      "resolved": "https://registry.npmjs.org/aria-hidden/-/aria-hidden-1.2.6.tgz",
      "integrity": "sha512-ik3ZgC9dY/lYVVM++OISsaYDeg1tb0VtP5uL3ouh1koGOaUMDPpbFIei4JkFimWUFPn90sbMNMXQAIVOlnYKJA==",
      "license": "MIT",
      "dependencies": {
        "tslib": "^2.0.0"
      },
      "engines": {
        "node": ">=10"
      }
    },
    "node_modules/class-variance-authority": {
      "version": "0.7.1",
      "resolved": "https://registry.npmjs.org/class-variance-authority/-/class-variance-authority-0.7.1.tgz",
      "integrity": "sha512-Ka+9Trutv7G8M6WT6SeiRWz792K5qEqIGEGzXKhAE6xOWAY6pPH8U+9IY3oCMv6kqTmLsv7Xh/2w2RigkePMsg==",
      "license": "Apache-2.0",
      "dependencies": {
        "clsx": "^2.1.1"
      },
      "funding": {
        "url": "https://polar.sh/cva"
      }
    },
    "node_modules/clsx": {
      "version": "2.1.1",
      "resolved": "https://registry.npmjs.org/clsx/-/clsx-2.1.1.tgz",
      "integrity": "sha512-eYm0QWBtUrBWZWG0d386OGAw16Z995PiOVo2B7bjWSbHedGl5e0ZWaq65kOGgUSNesEIDkB9ISbTg/JK9dhCZA==",
      "license": "MIT",
      "engines": {
        "node": ">=6"
      }
    },
    "node_modules/cmdk": {
      "version": "1.1.1",
      "resolved": "https://registry.npmjs.org/cmdk/-/cmdk-1.1.1.tgz",
      "integrity": "sha512-Vsv7kFaXm+ptHDMZ7izaRsP70GgrW9NBNGswt9OZaVBLlE0SNpDq8eu/VGXyF9r7M0azK3Wy7OlYXsuyYLFzHg==",
      "license": "MIT",
      "dependencies": {
        "@radix-ui/react-compose-refs": "^1.1.1",
        "@radix-ui/react-dialog": "^1.1.6",
        "@radix-ui/react-id": "^1.1.0",
        "@radix-ui/react-primitive": "^2.0.2"
      },
      "peerDependencies": {
        "react": "^18 || ^19 || ^19.0.0-rc",
        "react-dom": "^18 || ^19 || ^19.0.0-rc"
      }
    },
    "node_modules/detect-node-es": {
      "version": "1.1.0",
      "resolved": "https://registry.npmjs.org/detect-node-es/-/detect-node-es-1.1.0.tgz",
      "integrity": "sha512-ypdmJU/TbBby2Dxibuv7ZLW3Bs1QEmM7nHjEANfohJLvE0XVujisn1qPJcZxg+qDucsr+bP6fLD1rPS3AhJ7EQ==",
      "license": "MIT"
    },
    "node_modules/eslint": {
      "resolved": "../../node_modules/.pnpm/eslint@9.39.4_jiti@2.7.0/node_modules/eslint",
      "link": true
    },
    "node_modules/eslint-config-next": {
      "resolved": "../../node_modules/.pnpm/eslint-config-next@16.2.9_@typescript-eslint+parser@8.61.0_eslint@9.39.4_jiti@2.7.0__ty_06d67aaf5342010b85a16a8778ca2409/node_modules/eslint-config-next",
      "link": true
    },
    "node_modules/get-nonce": {
      "version": "1.0.1",
      "resolved": "https://registry.npmjs.org/get-nonce/-/get-nonce-1.0.1.tgz",
      "integrity": "sha512-FJhYRoDaiatfEkUK8HKlicmu/3SGFD51q3itKDGoSTysQJBnfOcxU5GxnhE1E6soB76MbT0MBtnKJuXyAx+96Q==",
      "license": "MIT",
      "engines": {
        "node": ">=6"
      }
    },
    "node_modules/lucide-react": {
      "version": "1.20.0",
      "resolved": "https://registry.npmjs.org/lucide-react/-/lucide-react-1.20.0.tgz",
      "integrity": "sha512-jhXLeC/7m0/tjL1nzMdKk6x256zWA6AtbhTVreHOiKPoeX2d6MK4FbyIQPpVq0E6iPWBisyy1TW+pEge/uMEuQ==",
      "license": "ISC",
      "peerDependencies": {
        "react": "^16.5.1 || ^17.0.0 || ^18.0.0 || ^19.0.0"
      }
    },
    "node_modules/next": {
      "resolved": "../../node_modules/.pnpm/next@16.2.9_@babel+core@7.29.7_@opentelemetry+api@1.9.1_react-dom@19.2.4_react@19.2.4__react@19.2.4/node_modules/next",
      "link": true
    },
    "node_modules/react": {
      "resolved": "../../node_modules/.pnpm/react@19.2.4/node_modules/react",
      "link": true
    },
    "node_modules/react-dom": {
      "resolved": "../../node_modules/.pnpm/react-dom@19.2.4_react@19.2.4/node_modules/react-dom",
      "link": true
    },
    "node_modules/react-remove-scroll": {
      "version": "2.7.2",
      "resolved": "https://registry.npmjs.org/react-remove-scroll/-/react-remove-scroll-2.7.2.tgz",
      "integrity": "sha512-Iqb9NjCCTt6Hf+vOdNIZGdTiH1QSqr27H/Ek9sv/a97gfueI/5h1s3yRi1nngzMUaOOToin5dI1dXKdXiF+u0Q==",
      "license": "MIT",
      "dependencies": {
        "react-remove-scroll-bar": "^2.3.7",
        "react-style-singleton": "^2.2.3",
        "tslib": "^2.1.0",
        "use-callback-ref": "^1.3.3",
        "use-sidecar": "^1.1.3"
      },
      "engines": {
        "node": ">=10"
      },
      "peerDependencies": {
        "@types/react": "*",
        "react": "^16.8.0 || ^17.0.0 || ^18.0.0 || ^19.0.0 || ^19.0.0-rc"
      },
      "peerDependenciesMeta": {
        "@types/react": {
          "optional": true
        }
      }
    },
    "node_modules/react-remove-scroll-bar": {
      "version": "2.3.8",
      "resolved": "https://registry.npmjs.org/react-remove-scroll-bar/-/react-remove-scroll-bar-2.3.8.tgz",
      "integrity": "sha512-9r+yi9+mgU33AKcj6IbT9oRCO78WriSj6t/cF8DWBZJ9aOGPOTEDvdUDz1FwKim7QXWwmHqtdHnRJfhAxEG46Q==",
      "license": "MIT",
      "dependencies": {
        "react-style-singleton": "^2.2.2",
        "tslib": "^2.0.0"
      },
      "engines": {
        "node": ">=10"
      },
      "peerDependencies": {
        "@types/react": "*",
        "react": "^16.8.0 || ^17.0.0 || ^18.0.0 || ^19.0.0"
      },
      "peerDependenciesMeta": {
        "@types/react": {
          "optional": true
        }
      }
    },
    "node_modules/react-style-singleton": {
      "version": "2.2.3",
      "resolved": "https://registry.npmjs.org/react-style-singleton/-/react-style-singleton-2.2.3.tgz",
      "integrity": "sha512-b6jSvxvVnyptAiLjbkWLE/lOnR4lfTtDAl+eUC7RZy+QQWc6wRzIV2CE6xBuMmDxc2qIihtDCZD5NPOFl7fRBQ==",
      "license": "MIT",
      "dependencies": {
        "get-nonce": "^1.0.0",
        "tslib": "^2.0.0"
      },
      "engines": {
        "node": ">=10"
      },
      "peerDependencies": {
        "@types/react": "*",
        "react": "^16.8.0 || ^17.0.0 || ^18.0.0 || ^19.0.0 || ^19.0.0-rc"
      },
      "peerDependenciesMeta": {
        "@types/react": {
          "optional": true
        }
      }
    },
    "node_modules/tailwindcss": {
      "resolved": "../../node_modules/.pnpm/tailwindcss@4.3.1/node_modules/tailwindcss",
      "link": true
    },
    "node_modules/tslib": {
      "version": "2.8.1",
      "resolved": "https://registry.npmjs.org/tslib/-/tslib-2.8.1.tgz",
      "integrity": "sha512-oJFu94HQb+KVduSUQL7wnpmqnfmLsOA/nAh6b6EH0wCEoK0/mPeXU6c3wKDV83MkOuHPRHtSXKKU99IBazS/2w==",
      "license": "0BSD"
    },
    "node_modules/typescript": {
      "resolved": "../../node_modules/.pnpm/typescript@5.9.3/node_modules/typescript",
      "link": true
    },
    "node_modules/use-callback-ref": {
      "version": "1.3.3",
      "resolved": "https://registry.npmjs.org/use-callback-ref/-/use-callback-ref-1.3.3.tgz",
      "integrity": "sha512-jQL3lRnocaFtu3V00JToYz/4QkNWswxijDaCVNZRiRTO3HQDLsdu1ZtmIUvV4yPp+rvWm5j0y0TG/S61cuijTg==",
      "license": "MIT",
      "dependencies": {
        "tslib": "^2.0.0"
      },
      "engines": {
        "node": ">=10"
      },
      "peerDependencies": {
        "@types/react": "*",
        "react": "^16.8.0 || ^17.0.0 || ^18.0.0 || ^19.0.0 || ^19.0.0-rc"
      },
      "peerDependenciesMeta": {
        "@types/react": {
          "optional": true
        }
      }
    },
    "node_modules/use-sidecar": {
      "version": "1.1.3",
      "resolved": "https://registry.npmjs.org/use-sidecar/-/use-sidecar-1.1.3.tgz",
      "integrity": "sha512-Fedw0aZvkhynoPYlA5WXrMCAMm+nSWdZt6lzJQ7Ok8S6Q+VsHmHpRWndVRJ8Be0ZbkfPc5LRYH+5XrzXcEeLRQ==",
      "license": "MIT",
      "dependencies": {
        "detect-node-es": "^1.1.0",
        "tslib": "^2.0.0"
      },
      "engines": {
        "node": ">=10"
      },
      "peerDependencies": {
        "@types/react": "*",
        "react": "^16.8.0 || ^17.0.0 || ^18.0.0 || ^19.0.0 || ^19.0.0-rc"
      },
      "peerDependenciesMeta": {
        "@types/react": {
          "optional": true
        }
      }
    }
  }
}
